
Microsoft Visual Studio Solution File, Format Version 12.00
# Visual Studio Version 17
VisualStudioVersion = 17.3.32825.248
MinimumVisualStudioVersion = 10.0.40219.1
Project("{FAE04EC0-301F-11D3-BF4B-00C04F79EFBC}") = "uts.plus", "uts.plus\uts.plus.csproj", "{1993A451-599E-4697-9F2F-3A42F1306305}"
EndProject
Global
	GlobalSection(SolutionConfigurationPlatforms) = preSolution
		Debug|Any CPU = Debug|Any CPU
		Release|Any CPU = Release|Any CPU
	EndGlobalSection
	GlobalSection(ProjectConfigurationPlatforms) = postSolution
		{1993A451-599E-4697-9F2F-3A42F1306305}.Debug|Any CPU.ActiveCfg = Debug|Any CPU
		{1993A451-599E-4697-9F2F-3A42F1306305}.Debug|Any CPU.Build.0 = Debug|Any CPU
		{1993A451-599E-4697-9F2F-3A42F1306305}.Release|Any CPU.ActiveCfg = Release|Any CPU
		{1993A451-599E-4697-9F2F-3A42F1306305}.Release|Any CPU.Build.0 = Release|Any CPU
	EndGlobalSection
	GlobalSection(SolutionProperties) = preSolution
		HideSolutionNode = FALSE
	EndGlobalSection
	GlobalSection(ExtensibilityGlobals) = postSolution
		SolutionGuid = {116B2DD1-7F85-49FC-98C9-79EF952A2270}
	EndGlobalSection
EndGlobal
